
Microsoft Visual Studio Solution File, Format Version 12.00
# Visual Studio Version 17
VisualStudioVersion = 17.5.33414.496
MinimumVisualStudioVersion = 10.0.40219.1
Project("{FAE04EC0-301F-11D3-BF4B-00C04F79EFBC}") = "RankingApp", "RankingApp\RankingApp.csproj", "{03DC2AFC-A205-4415-99D0-D199626DBD84}"
EndProject
Global
	GlobalSection(SolutionConfigurationPlatforms) = preSolution
		Debug|Any CPU = Debug|Any CPU
		Release|Any CPU = Release|Any CPU
	EndGlobalSection
	GlobalSection(ProjectConfigurationPlatforms) = postSolution
		{03DC2AFC-A205-4415-99D0-D199626DBD84}.Debug|Any CPU.ActiveCfg = Debug|Any CPU
		{03DC2AFC-A205-4415-99D0-D199626DBD84}.Debug|Any CPU.Build.0 = Debug|Any CPU
		{03DC2AFC-A205-4415-99D0-D199626DBD84}.Release|Any CPU.ActiveCfg = Release|Any CPU
		{03DC2AFC-A205-4415-99D0-D199626DBD84}.Release|Any CPU.Build.0 = Release|Any CPU
	EndGlobalSection
	GlobalSection(SolutionProperties) = preSolution
		HideSolutionNode = FALSE
	EndGlobalSection
	GlobalSection(ExtensibilityGlobals) = postSolution
		SolutionGuid = {9F112E0D-5F90-4AFF-97BC-45465B0B1107}
	EndGlobalSection
EndGlobal
